
Microsoft Visual Studio Solution File, Format Version 12.00
# Visual Studio Version 17
VisualStudioVersion = 17.5.002.0
MinimumVisualStudioVersion = 10.0.40219.1
Project("{9A19103F-16F7-4668-BE54-9A1E7A4F7556}") = "DentistSystem", "DentistSystem.csproj", "{36852C14-74B7-45E7-9596-BDF966657882}"
EndProject
Global
	GlobalSection(SolutionConfigurationPlatforms) = preSolution
		Debug|Any CPU = Debug|Any CPU
		Release|Any CPU = Release|Any CPU
	EndGlobalSection
	GlobalSection(ProjectConfigurationPlatforms) = postSolution
		{36852C14-74B7-45E7-9596-BDF966657882}.Debug|Any CPU.ActiveCfg = Debug|Any CPU
		{36852C14-74B7-45E7-9596-BDF966657882}.Debug|Any CPU.Build.0 = Debug|Any CPU
		{36852C14-74B7-45E7-9596-BDF966657882}.Release|Any CPU.ActiveCfg = Release|Any CPU
		{36852C14-74B7-45E7-9596-BDF966657882}.Release|Any CPU.Build.0 = Release|Any CPU
	EndGlobalSection
	GlobalSection(SolutionProperties) = preSolution
		HideSolutionNode = FALSE
	EndGlobalSection
	GlobalSection(ExtensibilityGlobals) = postSolution
		SolutionGuid = {8DDC35E8-5013-4474-B929-2B30D7BD7690}
	EndGlobalSection
EndGlobal
