
Microsoft Visual Studio Solution File, Format Version 12.00
# Visual Studio Version 17
VisualStudioVersion = 17.5.002.0
MinimumVisualStudioVersion = 10.0.40219.1
Project("{9A19103F-16F7-4668-BE54-9A1E7A4F7556}") = "LIBRARYSYSTEM", "LIBRARYSYSTEM.csproj", "{72FE3DBD-BFC0-4919-BFDD-527BEA8CA3B2}"
EndProject
Global
	GlobalSection(SolutionConfigurationPlatforms) = preSolution
		Debug|Any CPU = Debug|Any CPU
		Release|Any CPU = Release|Any CPU
	EndGlobalSection
	GlobalSection(ProjectConfigurationPlatforms) = postSolution
		{72FE3DBD-BFC0-4919-BFDD-527BEA8CA3B2}.Debug|Any CPU.ActiveCfg = Debug|Any CPU
		{72FE3DBD-BFC0-4919-BFDD-527BEA8CA3B2}.Debug|Any CPU.Build.0 = Debug|Any CPU
		{72FE3DBD-BFC0-4919-BFDD-527BEA8CA3B2}.Release|Any CPU.ActiveCfg = Release|Any CPU
		{72FE3DBD-BFC0-4919-BFDD-527BEA8CA3B2}.Release|Any CPU.Build.0 = Release|Any CPU
	EndGlobalSection
	GlobalSection(SolutionProperties) = preSolution
		HideSolutionNode = FALSE
	EndGlobalSection
	GlobalSection(ExtensibilityGlobals) = postSolution
		SolutionGuid = {86BB4EFE-EBBD-4BC4-9309-6BDC63A3F577}
	EndGlobalSection
EndGlobal
