
Microsoft Visual Studio Solution File, Format Version 12.00
# Visual Studio Version 17
VisualStudioVersion = 17.7.34024.191
MinimumVisualStudioVersion = 10.0.40219.1
Project("{FAE04EC0-301F-11D3-BF4B-00C04F79EFBC}") = "Dentistapp", "Dentistapp.csproj", "{9D9E2B52-B00C-488D-B613-90D82A6F9172}"
EndProject
Global
	GlobalSection(SolutionConfigurationPlatforms) = preSolution
		Debug|Any CPU = Debug|Any CPU
		Release|Any CPU = Release|Any CPU
	EndGlobalSection
	GlobalSection(ProjectConfigurationPlatforms) = postSolution
		{9D9E2B52-B00C-488D-B613-90D82A6F9172}.Debug|Any CPU.ActiveCfg = Debug|Any CPU
		{9D9E2B52-B00C-488D-B613-90D82A6F9172}.Debug|Any CPU.Build.0 = Debug|Any CPU
		{9D9E2B52-B00C-488D-B613-90D82A6F9172}.Release|Any CPU.ActiveCfg = Release|Any CPU
		{9D9E2B52-B00C-488D-B613-90D82A6F9172}.Release|Any CPU.Build.0 = Release|Any CPU
	EndGlobalSection
	GlobalSection(SolutionProperties) = preSolution
		HideSolutionNode = FALSE
	EndGlobalSection
	GlobalSection(ExtensibilityGlobals) = postSolution
		SolutionGuid = {1526BCA2-B340-41E0-9971-53679FB1BE6A}
	EndGlobalSection
EndGlobal
